// !$*UTF8*$!
{
	archiveVersion = 1;
	classes = {
	};
	objectVersion = 56;
	objects = {

/* Begin PBXBuildFile section */
		1CC7F4B329A8B17900E0DD15 /* AppDelegate.swift in Sources */ = {isa = PBXBuildFile; fileRef = 1CC7F4B229A8B17900E0DD15 /* AppDelegate.swift */; };
		1CC7F4B529A8B17900E0DD15 /* SceneDelegate.swift in Sources */ = {isa = PBXBuildFile; fileRef = 1CC7F4B429A8B17900E0DD15 /* SceneDelegate.swift */; };
		1CC7F4B729A8B17900E0DD15 /* ViewController.swift in Sources */ = {isa = PBXBuildFile; fileRef = 1CC7F4B629A8B17900E0DD15 /* ViewController.swift */; };
		1CC7F4BA29A8B17900E0DD15 /* Main.storyboard in Resources */ = {isa = PBXBuildFile; fileRef = 1CC7F4B829A8B17900E0DD15 /* Main.storyboard */; };
		1CC7F4BC29A8B17900E0DD15 /* Assets.xcassets in Resources */ = {isa = PBXBuildFile; fileRef = 1CC7F4BB29A8B17900E0DD15 /* Assets.xcassets */; };
		1CC7F4BF29A8B17900E0DD15 /* LaunchScreen.storyboard in Resources */ = {isa = PBXBuildFile; fileRef = 1CC7F4BD29A8B17900E0DD15 /* LaunchScreen.storyboard */; };
		1CFAD9C429A8B5BC00C63031 /* Realm in Frameworks */ = {isa = PBXBuildFile; productRef = 1CFAD9C329A8B5BC00C63031 /* Realm */; };
		1CFAD9C629A8B5BC00C63031 /* RealmSwift in Frameworks */ = {isa = PBXBuildFile; productRef = 1CFAD9C529A8B5BC00C63031 /* RealmSwift */; };
/* End PBXBuildFile section */

/* Begin PBXFileReference section */
		1CC7F4AF29A8B17900E0DD15 /* RealmDuplRemoveEx.app */ = {isa = PBXFileReference; explicitFileType = wrapper.application; includeInIndex = 0; path = RealmDuplRemoveEx.app; sourceTree = BUILT_PRODUCTS_DIR; };
		1CC7F4B229A8B17900E0DD15 /* AppDelegate.swift */ = {isa = PBXFileReference; lastKnownFileType = sourcecode.swift; path = AppDelegate.swift; sourceTree = "<group>"; };
		1CC7F4B429A8B17900E0DD15 /* SceneDelegate.swift */ = {isa = PBXFileReference; lastKnownFileType = sourcecode.swift; path = SceneDelegate.swift; sourceTree = "<group>"; };
		1CC7F4B629A8B17900E0DD15 /* ViewController.swift */ = {isa = PBXFileReference; lastKnownFileType = sourcecode.swift; path = ViewController.swift; sourceTree = "<group>"; };
		1CC7F4B929A8B17900E0DD15 /* Base */ = {isa = PBXFileReference; lastKnownFileType = file.storyboard; name = Base; path = Base.lproj/Main.storyboard; sourceTree = "<group>"; };
		1CC7F4BB29A8B17900E0DD15 /* Assets.xcassets */ = {isa = PBXFileReference; lastKnownFileType = folder.assetcatalog; path = Assets.xcassets; sourceTree = "<group>"; };
		1CC7F4BE29A8B17900E0DD15 /* Base */ = {isa = PBXFileReference; lastKnownFileType = file.storyboard; name = Base; path = Base.lproj/LaunchScreen.storyboard; sourceTree = "<group>"; };
		1CC7F4C029A8B17900E0DD15 /* Info.plist */ = {isa = PBXFileReference; lastKnownFileType = text.plist.xml; path = Info.plist; sourceTree = "<group>"; };
/* End PBXFileReference section */

/* Begin PBXFrameworksBuildPhase section */
		1CC7F4AC29A8B17900E0DD15 /* Frameworks */ = {
			isa = PBXFrameworksBuildPhase;
			buildActionMask = 2147483647;
			files = (
				1CFAD9C629A8B5BC00C63031 /* RealmSwift in Frameworks */,
				1CFAD9C429A8B5BC00C63031 /* Realm in Frameworks */,
			);
			runOnlyForDeploymentPostprocessing = 0;
		};
/* End PBXFrameworksBuildPhase section */

/* Begin PBXGroup section */
		1CC7F4A629A8B17800E0DD15 = {
			isa = PBXGroup;
			children = (
				1CC7F4B129A8B17900E0DD15 /* RealmDuplRemoveEx */,
				1CC7F4B029A8B17900E0DD15 /* Products */,
			);
			sourceTree = "<group>";
		};
		1CC7F4B029A8B17900E0DD15 /* Products */ = {
			isa = PBXGroup;
			children = (
				1CC7F4AF29A8B17900E0DD15 /* RealmDuplRemoveEx.app */,
			);
			name = Products;
			sourceTree = "<group>";
		};
		1CC7F4B129A8B17900E0DD15 /* RealmDuplRemoveEx */ = {
			isa = PBXGroup;
			children = (
				1CC7F4B229A8B17900E0DD15 /* AppDelegate.swift */,
				1CC7F4B429A8B17900E0DD15 /* SceneDelegate.swift */,
				1CC7F4B629A8B17900E0DD15 /* ViewController.swift */,
				1CC7F4B829A8B17900E0DD15 /* Main.storyboard */,
				1CC7F4BB29A8B17900E0DD15 /* Assets.xcassets */,
				1CC7F4BD29A8B17900E0DD15 /* LaunchScreen.storyboard */,
				1CC7F4C029A8B17900E0DD15 /* Info.plist */,
			);
			path = RealmDuplRemoveEx;
			sourceTree = "<group>";
		};
/* End PBXGroup section */

/* Begin PBXNativeTarget section */
		1CC7F4AE29A8B17900E0DD15 /* RealmDuplRemoveEx */ = {
			isa = PBXNativeTarget;
			buildConfigurationList = 1CC7F4C329A8B17900E0DD15 /* Build configuration list for PBXNativeTarget "RealmDuplRemoveEx" */;
			buildPhases = (
				1CC7F4AB29A8B17900E0DD15 /* Sources */,
				1CC7F4AC29A8B17900E0DD15 /* Frameworks */,
				1CC7F4AD29A8B17900E0DD15 /* Resources */,
			);
			buildRules = (
			);
			dependencies = (
			);
			name = RealmDuplRemoveEx;
			packageProductDependencies = (
				1CFAD9C329A8B5BC00C63031 /* Realm */,
				1CFAD9C529A8B5BC00C63031 /* RealmSwift */,
			);
			productName = RealmDuplRemoveEx;
			productReference = 1CC7F4AF29A8B17900E0DD15 /* RealmDuplRemoveEx.app */;
			productType = "com.apple.product-type.application";
		};
/* End PBXNativeTarget section */

/* Begin PBXProject section */
		1CC7F4A729A8B17800E0DD15 /* Project object */ = {
			isa = PBXProject;
			attributes = {
				BuildIndependentTargetsInParallel = 1;
				LastSwiftUpdateCheck = 1420;
				LastUpgradeCheck = 1420;
				TargetAttributes = {
					1CC7F4AE29A8B17900E0DD15 = {
						CreatedOnToolsVersion = 14.2;
					};
				};
			};
			buildConfigurationList = 1CC7F4AA29A8B17800E0DD15 /* Build configuration list for PBXProject "RealmDuplRemoveEx" */;
			compatibilityVersion = "Xcode 14.0";
			developmentRegion = en;
			hasScannedForEncodings = 0;
			knownRegions = (
				en,
				Base,
			);
			mainGroup = 1CC7F4A629A8B17800E0DD15;
			packageReferences = (
				1CFAD9C229A8B5BC00C63031 /* XCRemoteSwiftPackageReference "realm-swift" */,
			);
			productRefGroup = 1CC7F4B029A8B17900E0DD15 /* Products */;
			projectDirPath = "";
			projectRoot = "";
			targets = (
				1CC7F4AE29A8B17900E0DD15 /* RealmDuplRemoveEx */,
			);
		};
/* End PBXProject section */

/* Begin PBXResourcesBuildPhase section */
		1CC7F4AD29A8B17900E0DD15 /* Resources */ = {
			isa = PBXResourcesBuildPhase;
			buildActionMask = 2147483647;
			files = (
				1CC7F4BF29A8B17900E0DD15 /* LaunchScreen.storyboard in Resources */,
				1CC7F4BC29A8B17900E0DD15 /* Assets.xcassets in Resources */,
				1CC7F4BA29A8B17900E0DD15 /* Main.storyboard in Resources */,
			);
			runOnlyForDeploymentPostprocessing = 0;
		};
/* End PBXResourcesBuildPhase section */

/* Begin PBXSourcesBuildPhase section */
		1CC7F4AB29A8B17900E0DD15 /* Sources */ = {
			isa = PBXSourcesBuildPhase;
			buildActionMask = 2147483647;
			files = (
				1CC7F4B729A8B17900E0DD15 /* ViewController.swift in Sources */,
				1CC7F4B329A8B17900E0DD15 /* AppDelegate.swift in Sources */,
				1CC7F4B529A8B17900E0DD15 /* SceneDelegate.swift in Sources */,
			);
			runOnlyForDeploymentPostprocessing = 0;
		};
/* End PBXSourcesBuildPhase section */

/* Begin PBXVariantGroup section */
		1CC7F4B829A8B17900E0DD15 /* Main.storyboard */ = {
			isa = PBXVariantGroup;
			children = (
				1CC7F4B929A8B17900E0DD15 /* Base */,
			);
			name = Main.storyboard;
			sourceTree = "<group>";
		};
		1CC7F4BD29A8B17900E0DD15 /* LaunchScreen.storyboard */ = {
			isa = PBXVariantGroup;
			children = (
				1CC7F4BE29A8B17900E0DD15 /* Base */,
			);
			name = LaunchScreen.storyboard;
			sourceTree = "<group>";
		};
/* End PBXVariantGroup section */

/* Begin XCBuildConfiguration section */
		1CC7F4C129A8B17900E0DD15 /* Debug */ = {
			isa = XCBuildConfiguration;
			buildSettings = {
				ALWAYS_SEARCH_USER_PATHS = NO;
				CLANG_ANALYZER_NONNULL = YES;
				CLANG_ANALYZER_NUMBER_OBJECT_CONVERSION = YES_AGGRESSIVE;
				CLANG_CXX_LANGUAGE_STANDARD = "gnu++20";
				CLANG_ENABLE_MODULES = YES;
				CLANG_ENABLE_OBJC_ARC = YES;
				CLANG_ENABLE_OBJC_WEAK = YES;
				CLANG_WARN_BLOCK_CAPTURE_AUTORELEASING = YES;
				CLANG_WARN_BOOL_CONVERSION = YES;
				CLANG_WARN_COMMA = YES;
				CLANG_WARN_CONSTANT_CONVERSION = YES;
				CLANG_WARN_DEPRECATED_OBJC_IMPLEMENTATIONS = YES;
				CLANG_WARN_DIRECT_OBJC_ISA_USAGE = YES_ERROR;
				CLANG_WARN_DOCUMENTATION_COMMENTS = YES;
				CLANG_WARN_EMPTY_BODY = YES;
				CLANG_WARN_ENUM_CONVERSION = YES;
				CLANG_WARN_INFINITE_RECURSION = YES;
				CLANG_WARN_INT_CONVERSION = YES;
				CLANG_WARN_NON_LITERAL_NULL_CONVERSION = YES;
				CLANG_WARN_OBJC_IMPLICIT_RETAIN_SELF = YES;
				CLANG_WARN_OBJC_LITERAL_CONVERSION = YES;
				CLANG_WARN_OBJC_ROOT_CLASS = YES_ERROR;
				CLANG_WARN_QUOTED_INCLUDE_IN_FRAMEWORK_HEADER = YES;
				CLANG_WARN_RANGE_LOOP_ANALYSIS = YES;
				CLANG_WARN_STRICT_PROTOTYPES = YES;
				CLANG_WARN_SUSPICIOUS_MOVE = YES;
				CLANG_WARN_UNGUARDED_AVAILABILITY = YES_AGGRESSIVE;
				CLANG_WARN_UNREACHABLE_CODE = YES;
				CLANG_WARN__DUPLICATE_METHOD_MATCH = YES;
				COPY_PHASE_STRIP = NO;
				DEBUG_INFORMATION_FORMAT = dwarf;
				ENABLE_STRICT_OBJC_MSGSEND = YES;
				ENABLE_TESTABILITY = YES;
				GCC_C_LANGUAGE_STANDARD = gnu11;
				GCC_DYNAMIC_NO_PIC = NO;
				GCC_NO_COMMON_BLOCKS = YES;
				GCC_OPTIMIZATION_LEVEL = 0;
				GCC_PREPROCESSOR_DEFINITIONS = (
					"DEBUG=1",
					"$(inherited)",
				);
				GCC_WARN_64_TO_32_BIT_CONVERSION = YES;
				GCC_WARN_ABOUT_RETURN_TYPE = YES_ERROR;
				GCC_WARN_UNDECLARED_SELECTOR = YES;
				GCC_WARN_UNINITIALIZED_AUTOS = YES_AGGRESSIVE;
				GCC_WARN_UNUSED_FUNCTION = YES;
				GCC_WARN_UNUSED_VARIABLE = YES;
				IPHONEOS_DEPLOYMENT_TARGET = 16.2;
				MTL_ENABLE_DEBUG_INFO = INCLUDE_SOURCE;
				MTL_FAST_MATH = YES;
				ONLY_ACTIVE_ARCH = YES;
				SDKROOT = iphoneos;
				SWIFT_ACTIVE_COMPILATION_CONDITIONS = DEBUG;
				SWIFT_OPTIMIZATION_LEVEL = "-Onone";
			};
			name = Debug;
		};
		1CC7F4C229A8B17900E0DD15 /* Release */ = {
			isa = XCBuildConfiguration;
			buildSettings = {
				ALWAYS_SEARCH_USER_PATHS = NO;
				CLANG_ANALYZER_NONNULL = YES;
				CLANG_ANALYZER_NUMBER_OBJECT_CONVERSION = YES_AGGRESSIVE;
				CLANG_CXX_LANGUAGE_STANDARD = "gnu++20";
				CLANG_ENABLE_MODULES = YES;
				CLANG_ENABLE_OBJC_ARC = YES;
				CLANG_ENABLE_OBJC_WEAK = YES;
				CLANG_WARN_BLOCK_CAPTURE_AUTORELEASING = YES;
				CLANG_WARN_BOOL_CONVERSION = YES;
				CLANG_WARN_COMMA = YES;
				CLANG_WARN_CONSTANT_CONVERSION = YES;
				CLANG_WARN_DEPRECATED_OBJC_IMPLEMENTATIONS = YES;
				CLANG_WARN_DIRECT_OBJC_ISA_USAGE = YES_ERROR;
				CLANG_WARN_DOCUMENTATION_COMMENTS = YES;
				CLANG_WARN_EMPTY_BODY = YES;
				CLANG_WARN_ENUM_CONVERSION = YES;
				CLANG_WARN_INFINITE_RECURSION = YES;
				CLANG_WARN_INT_CONVERSION = YES;
				CLANG_WARN_NON_LITERAL_NULL_CONVERSION = YES;
				CLANG_WARN_OBJC_IMPLICIT_RETAIN_SELF = YES;
				CLANG_WARN_OBJC_LITERAL_CONVERSION = YES;
				CLANG_WARN_OBJC_ROOT_CLASS = YES_ERROR;
				CLANG_WARN_QUOTED_INCLUDE_IN_FRAMEWORK_HEADER = YES;
				CLANG_WARN_RANGE_LOOP_ANALYSIS = YES;
				CLANG_WARN_STRICT_PROTOTYPES = YES;
				CLANG_WARN_SUSPICIOUS_MOVE = YES;
				CLANG_WARN_UNGUARDED_AVAILABILITY = YES_AGGRESSIVE;
				CLANG_WARN_UNREACHABLE_CODE = YES;
				CLANG_WARN__DUPLICATE_METHOD_MATCH = YES;
				COPY_PHASE_STRIP = NO;
				DEBUG_INFORMATION_FORMAT = "dwarf-with-dsym";
				ENABLE_NS_ASSERTIONS = NO;
				ENABLE_STRICT_OBJC_MSGSEND = YES;
				GCC_C_LANGUAGE_STANDARD = gnu11;
				GCC_NO_COMMON_BLOCKS = YES;
				GCC_WARN_64_TO_32_BIT_CONVERSION = YES;
				GCC_WARN_ABOUT_RETURN_TYPE = YES_ERROR;
				GCC_WARN_UNDECLARED_SELECTOR = YES;
				GCC_WARN_UNINITIALIZED_AUTOS = YES_AGGRESSIVE;
				GCC_WARN_UNUSED_FUNCTION = YES;
				GCC_WARN_UNUSED_VARIABLE = YES;
				IPHONEOS_DEPLOYMENT_TARGET = 16.2;
				MTL_ENABLE_DEBUG_INFO = NO;
				MTL_FAST_MATH = YES;
				SDKROOT = iphoneos;
				SWIFT_COMPILATION_MODE = wholemodule;
				SWIFT_OPTIMIZATION_LEVEL = "-O";
				VALIDATE_PRODUCT = YES;
			};
			name = Release;
		};
		1CC7F4C429A8B17900E0DD15 /* Debug */ = {
			isa = XCBuildConfiguration;
			buildSettings = {
				ASSETCATALOG_COMPILER_APPICON_NAME = AppIcon;
				ASSETCATALOG_COMPILER_GLOBAL_ACCENT_COLOR_NAME = AccentColor;
				CODE_SIGN_STYLE = Automatic;
				CURRENT_PROJECT_VERSION = 1;
				GENERATE_INFOPLIST_FILE = YES;
				INFOPLIST_FILE = RealmDuplRemoveEx/Info.plist;
				INFOPLIST_KEY_UIApplicationSupportsIndirectInputEvents = YES;
				INFOPLIST_KEY_UILaunchStoryboardName = LaunchScreen;
				INFOPLIST_KEY_UIMainStoryboardFile = Main;
				INFOPLIST_KEY_UISupportedInterfaceOrientations_iPad = "UIInterfaceOrientationPortrait UIInterfaceOrientationPortraitUpsideDown UIInterfaceOrientationLandscapeLeft UIInterfaceOrientationLandscapeRight";
				INFOPLIST_KEY_UISupportedInterfaceOrientations_iPhone = "UIInterfaceOrientationPortrait UIInterfaceOrientationLandscapeLeft UIInterfaceOrientationLandscapeRight";
				LD_RUNPATH_SEARCH_PATHS = (
					"$(inherited)",
					"@executable_path/Frameworks",
				);
				MARKETING_VERSION = 1.0;
				PRODUCT_BUNDLE_IDENTIFIER = KEEN.RealmDuplRemoveEx;
				PRODUCT_NAME = "$(TARGET_NAME)";
				SWIFT_EMIT_LOC_STRINGS = YES;
				SWIFT_VERSION = 5.0;
				TARGETED_DEVICE_FAMILY = "1,2";
			};
			name = Debug;
		};
		1CC7F4C529A8B17900E0DD15 /* Release */ = {
			isa = XCBuildConfiguration;
			buildSettings = {
				ASSETCATALOG_COMPILER_APPICON_NAME = AppIcon;
				ASSETCATALOG_COMPILER_GLOBAL_ACCENT_COLOR_NAME = AccentColor;
				CODE_SIGN_STYLE = Automatic;
				CURRENT_PROJECT_VERSION = 1;
				GENERATE_INFOPLIST_FILE = YES;
				INFOPLIST_FILE = RealmDuplRemoveEx/Info.plist;
				INFOPLIST_KEY_UIApplicationSupportsIndirectInputEvents = YES;
				INFOPLIST_KEY_UILaunchStoryboardName = LaunchScreen;
				INFOPLIST_KEY_UIMainStoryboardFile = Main;
				INFOPLIST_KEY_UISupportedInterfaceOrientations_iPad = "UIInterfaceOrientationPortrait UIInterfaceOrientationPortraitUpsideDown UIInterfaceOrientationLandscapeLeft UIInterfaceOrientationLandscapeRight";
				INFOPLIST_KEY_UISupportedInterfaceOrientations_iPhone = "UIInterfaceOrientationPortrait UIInterfaceOrientationLandscapeLeft UIInterfaceOrientationLandscapeRight";
				LD_RUNPATH_SEARCH_PATHS = (
					"$(inherited)",
					"@executable_path/Frameworks",
				);
				MARKETING_VERSION = 1.0;
				PRODUCT_BUNDLE_IDENTIFIER = KEEN.RealmDuplRemoveEx;
				PRODUCT_NAME = "$(TARGET_NAME)";
				SWIFT_EMIT_LOC_STRINGS = YES;
				SWIFT_VERSION = 5.0;
				TARGETED_DEVICE_FAMILY = "1,2";
			};
			name = Release;
		};
/* End XCBuildConfiguration section */

/* Begin XCConfigurationList section */
		1CC7F4AA29A8B17800E0DD15 /* Build configuration list for PBXProject "RealmDuplRemoveEx" */ = {
			isa = XCConfigurationList;
			buildConfigurations = (
				1CC7F4C129A8B17900E0DD15 /* Debug */,
				1CC7F4C229A8B17900E0DD15 /* Release */,
			);
			defaultConfigurationIsVisible = 0;
			defaultConfigurationName = Release;
		};
		1CC7F4C329A8B17900E0DD15 /* Build configuration list for PBXNativeTarget "RealmDuplRemoveEx" */ = {
			isa = XCConfigurationList;
			buildConfigurations = (
				1CC7F4C429A8B17900E0DD15 /* Debug */,
				1CC7F4C529A8B17900E0DD15 /* Release */,
			);
			defaultConfigurationIsVisible = 0;
			defaultConfigurationName = Release;
		};
/* End XCConfigurationList section */

/* Begin XCRemoteSwiftPackageReference section */
		1CFAD9C229A8B5BC00C63031 /* XCRemoteSwiftPackageReference "realm-swift" */ = {
			isa = XCRemoteSwiftPackageReference;
			repositoryURL = "https://github.com/realm/realm-swift.git";
			requirement = {
				kind = upToNextMajorVersion;
				minimumVersion = 10.36.0;
			};
		};
/* End XCRemoteSwiftPackageReference section */

/* Begin XCSwiftPackageProductDependency section */
		1CFAD9C329A8B5BC00C63031 /* Realm */ = {
			isa = XCSwiftPackageProductDependency;
			package = 1CFAD9C229A8B5BC00C63031 /* XCRemoteSwiftPackageReference "realm-swift" */;
			productName = Realm;
		};
		1CFAD9C529A8B5BC00C63031 /* RealmSwift */ = {
			isa = XCSwiftPackageProductDependency;
			package = 1CFAD9C229A8B5BC00C63031 /* XCRemoteSwiftPackageReference "realm-swift" */;
			productName = RealmSwift;
		};
/* End XCSwiftPackageProductDependency section */
	};
	rootObject = 1CC7F4A729A8B17800E0DD15 /* Project object */;
}
